<?xml version="1.0" encoding="utf-8"?>
<Project ToolsVersion="4.0" xmlns="http://schemas.microsoft.com/developer/msbuild/2003">
  <ItemGroup>
    <Filter Include="glew">
      <UniqueIdentifier>{d409be97-4b49-4cf7-8ac2-683d193606b9}</UniqueIdentifier>
    </Filter>
    <Filter Include="randomc">
      <UniqueIdentifier>{0d99598e-dd82-4fae-9528-2aaf6b783ee7}</UniqueIdentifier>
    </Filter>
    <Filter Include="Shoemake">
      <UniqueIdentifier>{1105022c-8b93-4e89-930b-23c69e612afc}</UniqueIdentifier>
    </Filter>
    <Filter Include="glfw3">
      <UniqueIdentifier>{4dc4bc41-90fb-4c30-a99d-37e74b431856}</UniqueIdentifier>
    </Filter>
    <Filter Include="zlib">
      <UniqueIdentifier>{e5359be2-90dd-4e68-8274-eee8570bc658}</UniqueIdentifier>
    </Filter>
    <Filter Include="dirent">
      <UniqueIdentifier>{797df031-6106-4be7-be2f-af2a7a4b43ae}</UniqueIdentifier>
    </Filter>
    <Filter Include="ktx">
      <UniqueIdentifier>{45f224d5-921a-45f8-935f-a398b97255ad}</UniqueIdentifier>
    </Filter>
    <Filter Include="ktx\Source Files">
      <UniqueIdentifier>{0334416e-ef08-403f-97bc-d37909b600c8}</UniqueIdentifier>
    </Filter>
    <Filter Include="ktx\Public Header Files">
      <UniqueIdentifier>{83bfffdf-24b3-445d-ba7a-f782c3422b0a}</UniqueIdentifier>
    </Filter>
    <Filter Include="ktx\Private Header Files">
      <UniqueIdentifier>{963dd1ec-3298-479a-aa6b-461339cc879f}</UniqueIdentifier>
    </Filter>
    <Filter Include="imgui">
      <UniqueIdentifier>{b9ab6575-6ad1-4812-a084-b9c9d7fd3c0f}</UniqueIdentifier>
    </Filter>
    <Filter Include="spa">
      <UniqueIdentifier>{37cdd96d-9800-46db-a7e4-8d8cab537122}</UniqueIdentifier>
    </Filter>
  </ItemGroup>
  <ItemGroup>
    <ClCompile Include="randomc\mersenne.cpp">
      <Filter>randomc</Filter>
    </ClCompile>
    <ClCompile Include="randomc\mother.cpp">
      <Filter>randomc</Filter>
    </ClCompile>
    <ClCompile Include="randomc\rancombi.cpp">
      <Filter>randomc</Filter>
    </ClCompile>
    <ClCompile Include="randomc\random.cpp">
      <Filter>randomc</Filter>
    </ClCompile>
    <ClCompile Include="randomc\ranrotb.cpp">
      <Filter>randomc</Filter>
    </ClCompile>
    <ClCompile Include="randomc\ranrotw.cpp">
      <Filter>randomc</Filter>
    </ClCompile>
    <ClCompile Include="randomc\sobol.cpp">
      <Filter>randomc</Filter>
    </ClCompile>
    <ClCompile Include="Shoemake\EulerAngles.cpp">
      <Filter>Shoemake</Filter>
    </ClCompile>
    <ClCompile Include="Shoemake\Decompose.cpp">
      <Filter>Shoemake</Filter>
    </ClCompile>
    <ClCompile Include="zlib\adler32.c">
      <Filter>zlib</Filter>
    </ClCompile>
    <ClCompile Include="zlib\compress.c">
      <Filter>zlib</Filter>
    </ClCompile>
    <ClCompile Include="zlib\crc32.c">
      <Filter>zlib</Filter>
    </ClCompile>
    <ClCompile Include="zlib\deflate.c">
      <Filter>zlib</Filter>
    </ClCompile>
    <ClCompile Include="zlib\gzclose.c">
      <Filter>zlib</Filter>
    </ClCompile>
    <ClCompile Include="zlib\gzlib.c">
      <Filter>zlib</Filter>
    </ClCompile>
    <ClCompile Include="zlib\gzread.c">
      <Filter>zlib</Filter>
    </ClCompile>
    <ClCompile Include="zlib\gzwrite.c">
      <Filter>zlib</Filter>
    </ClCompile>
    <ClCompile Include="zlib\infback.c">
      <Filter>zlib</Filter>
    </ClCompile>
    <ClCompile Include="zlib\inffas8664.c">
      <Filter>zlib</Filter>
    </ClCompile>
    <ClCompile Include="zlib\inffast.c">
      <Filter>zlib</Filter>
    </ClCompile>
    <ClCompile Include="zlib\inflate.c">
      <Filter>zlib</Filter>
    </ClCompile>
    <ClCompile Include="zlib\inftrees.c">
      <Filter>zlib</Filter>
    </ClCompile>
    <ClCompile Include="zlib\ioapi.c">
      <Filter>zlib</Filter>
    </ClCompile>
    <ClCompile Include="zlib\trees.c">
      <Filter>zlib</Filter>
    </ClCompile>
    <ClCompile Include="zlib\uncompr.c">
      <Filter>zlib</Filter>
    </ClCompile>
    <ClCompile Include="zlib\unzip.c">
      <Filter>zlib</Filter>
    </ClCompile>
    <ClCompile Include="zlib\zutil.c">
      <Filter>zlib</Filter>
    </ClCompile>
    <ClCompile Include="glew\src\glew.c">
      <Filter>glew</Filter>
    </ClCompile>
    <ClCompile Include="glfw3\src\wgl_context.c">
      <Filter>glfw3</Filter>
    </ClCompile>
    <ClCompile Include="glfw3\src\context.c">
      <Filter>glfw3</Filter>
    </ClCompile>
    <ClCompile Include="glfw3\src\init.c">
      <Filter>glfw3</Filter>
    </ClCompile>
    <ClCompile Include="glfw3\src\input.c">
      <Filter>glfw3</Filter>
    </ClCompile>
    <ClCompile Include="glfw3\src\monitor.c">
      <Filter>glfw3</Filter>
    </ClCompile>
    <ClCompile Include="glfw3\src\win32_init.c">
      <Filter>glfw3</Filter>
    </ClCompile>
    <ClCompile Include="glfw3\src\win32_monitor.c">
      <Filter>glfw3</Filter>
    </ClCompile>
    <ClCompile Include="glfw3\src\win32_time.c">
      <Filter>glfw3</Filter>
    </ClCompile>
    <ClCompile Include="glfw3\src\win32_tls.c">
      <Filter>glfw3</Filter>
    </ClCompile>
    <ClCompile Include="glfw3\src\win32_window.c">
      <Filter>glfw3</Filter>
    </ClCompile>
    <ClCompile Include="glfw3\src\window.c">
      <Filter>glfw3</Filter>
    </ClCompile>
    <ClCompile Include="glfw3\src\winmm_joystick.c">
      <Filter>glfw3</Filter>
    </ClCompile>
    <ClCompile Include="dirent\dirent.c">
      <Filter>dirent</Filter>
    </ClCompile>
    <ClCompile Include="ktx\lib\checkheader.c">
      <Filter>ktx\Source Files</Filter>
    </ClCompile>
    <ClCompile Include="ktx\lib\errstr.c">
      <Filter>ktx\Source Files</Filter>
    </ClCompile>
    <ClCompile Include="ktx\lib\etcdec.cxx">
      <Filter>ktx\Source Files</Filter>
    </ClCompile>
    <ClCompile Include="ktx\lib\etcunpack.cxx">
      <Filter>ktx\Source Files</Filter>
    </ClCompile>
    <ClCompile Include="ktx\lib\hashtable.c">
      <Filter>ktx\Source Files</Filter>
    </ClCompile>
    <ClCompile Include="ktx\lib\ktxfilestream.c">
      <Filter>ktx\Source Files</Filter>
    </ClCompile>
    <ClCompile Include="ktx\lib\ktxmemstream.c">
      <Filter>ktx\Source Files</Filter>
    </ClCompile>
    <ClCompile Include="ktx\lib\loader.c">
      <Filter>ktx\Source Files</Filter>
    </ClCompile>
    <ClCompile Include="ktx\lib\swap.c">
      <Filter>ktx\Source Files</Filter>
    </ClCompile>
    <ClCompile Include="ktx\lib\writer.c">
      <Filter>ktx\Source Files</Filter>
    </ClCompile>
    <ClCompile Include="imgui\imgui.cpp">
      <Filter>imgui</Filter>
    </ClCompile>
    <ClCompile Include="imgui\imgui_draw.cpp">
      <Filter>imgui</Filter>
    </ClCompile>
    <ClCompile Include="spa\spa.cpp">
      <Filter>spa</Filter>
    </ClCompile>
  </ItemGroup>
  <ItemGroup>
    <ClInclude Include="randomc\random.h">
      <Filter>randomc</Filter>
    </ClInclude>
    <ClInclude Include="randomc\randomc.h">
      <Filter>randomc</Filter>
    </ClInclude>
    <ClInclude Include="Shoemake\EulerAngles.h">
      <Filter>Shoemake</Filter>
    </ClInclude>
    <ClInclude Include="Shoemake\Decompose.h">
      <Filter>Shoemake</Filter>
    </ClInclude>
    <ClInclude Include="Shoemake\TypeDefs.h">
      <Filter>Shoemake</Filter>
    </ClInclude>
    <ClInclude Include="zlib\crc32.h">
      <Filter>zlib</Filter>
    </ClInclude>
    <ClInclude Include="zlib\crypt.h">
      <Filter>zlib</Filter>
    </ClInclude>
    <ClInclude Include="zlib\deflate.h">
      <Filter>zlib</Filter>
    </ClInclude>
    <ClInclude Include="zlib\gzguts.h">
      <Filter>zlib</Filter>
    </ClInclude>
    <ClInclude Include="zlib\inffast.h">
      <Filter>zlib</Filter>
    </ClInclude>
    <ClInclude Include="zlib\inffixed.h">
      <Filter>zlib</Filter>
    </ClInclude>
    <ClInclude Include="zlib\inflate.h">
      <Filter>zlib</Filter>
    </ClInclude>
    <ClInclude Include="zlib\inftrees.h">
      <Filter>zlib</Filter>
    </ClInclude>
    <ClInclude Include="zlib\ioapi.h">
      <Filter>zlib</Filter>
    </ClInclude>
    <ClInclude Include="zlib\trees.h">
      <Filter>zlib</Filter>
    </ClInclude>
    <ClInclude Include="zlib\unzip.h">
      <Filter>zlib</Filter>
    </ClInclude>
    <ClInclude Include="zlib\zconf.h">
      <Filter>zlib</Filter>
    </ClInclude>
    <ClInclude Include="zlib\zconf.in.h">
      <Filter>zlib</Filter>
    </ClInclude>
    <ClInclude Include="zlib\zlib.h">
      <Filter>zlib</Filter>
    </ClInclude>
    <ClInclude Include="zlib\zutil.h">
      <Filter>zlib</Filter>
    </ClInclude>
    <ClInclude Include="glew\include\GL\glew.h">
      <Filter>glew</Filter>
    </ClInclude>
    <ClInclude Include="glew\include\GL\wglew.h">
      <Filter>glew</Filter>
    </ClInclude>
    <ClInclude Include="glfw3\include\GLFW\glfw3.h">
      <Filter>glfw3</Filter>
    </ClInclude>
    <ClInclude Include="glfw3\include\GLFW\glfw3native.h">
      <Filter>glfw3</Filter>
    </ClInclude>
    <ClInclude Include="glfw3\src\glfw_config.h">
      <Filter>glfw3</Filter>
    </ClInclude>
    <ClInclude Include="glfw3\src\internal.h">
      <Filter>glfw3</Filter>
    </ClInclude>
    <ClInclude Include="glfw3\src\wgl_context.h">
      <Filter>glfw3</Filter>
    </ClInclude>
    <ClInclude Include="glfw3\src\win32_platform.h">
      <Filter>glfw3</Filter>
    </ClInclude>
    <ClInclude Include="glfw3\src\win32_tls.h">
      <Filter>glfw3</Filter>
    </ClInclude>
    <ClInclude Include="glfw3\src\winmm_joystick.h">
      <Filter>glfw3</Filter>
    </ClInclude>
    <ClInclude Include="dirent\dirent.h">
      <Filter>dirent</Filter>
    </ClInclude>
    <ClInclude Include="ktx\include\ktx.h">
      <Filter>ktx\Public Header Files</Filter>
    </ClInclude>
    <ClInclude Include="ktx\lib\gl_funcptrs.h">
      <Filter>ktx\Private Header Files</Filter>
    </ClInclude>
    <ClInclude Include="ktx\lib\gles1_funcptrs.h">
      <Filter>ktx\Private Header Files</Filter>
    </ClInclude>
    <ClInclude Include="ktx\lib\gles2_funcptrs.h">
      <Filter>ktx\Private Header Files</Filter>
    </ClInclude>
    <ClInclude Include="ktx\lib\ktxfilestream.h">
      <Filter>ktx\Private Header Files</Filter>
    </ClInclude>
    <ClInclude Include="ktx\lib\ktxint.h">
      <Filter>ktx\Private Header Files</Filter>
    </ClInclude>
    <ClInclude Include="ktx\lib\ktxmemstream.h">
      <Filter>ktx\Private Header Files</Filter>
    </ClInclude>
    <ClInclude Include="ktx\lib\ktxstream.h">
      <Filter>ktx\Private Header Files</Filter>
    </ClInclude>
    <ClInclude Include="ktx\lib\uthash.h">
      <Filter>ktx\Private Header Files</Filter>
    </ClInclude>
    <ClInclude Include="imgui\imconfig.h">
      <Filter>imgui</Filter>
    </ClInclude>
    <ClInclude Include="imgui\imgui.h">
      <Filter>imgui</Filter>
    </ClInclude>
    <ClInclude Include="imgui\imgui_internal.h">
      <Filter>imgui</Filter>
    </ClInclude>
    <ClInclude Include="imgui\stb_rect_pack.h">
      <Filter>imgui</Filter>
    </ClInclude>
    <ClInclude Include="imgui\stb_textedit.h">
      <Filter>imgui</Filter>
    </ClInclude>
    <ClInclude Include="imgui\stb_truetype.h">
      <Filter>imgui</Filter>
    </ClInclude>
    <ClInclude Include="spa\spa.h">
      <Filter>spa</Filter>
    </ClInclude>
  </ItemGroup>
  <ItemGroup>
    <None Include="randomc\RANDOMC.HTM">
      <Filter>randomc</Filter>
    </None>
  </ItemGroup>
  <ItemGroup>
    <ResourceCompile Include="glew\build\glew.rc">
      <Filter>glew</Filter>
    </ResourceCompile>
  </ItemGroup>
</Project>