// !$*UTF8*$!
{
	archiveVersion = 1;
	classes = {
	};
	objectVersion = 48;
	objects = {

/* Begin PBXBuildFile section */
		41030D081FED58EC005CFF1A /* AppDemoMainGLFW.cpp in Sources */ = {isa = PBXBuildFile; fileRef = 41030D071FED58EC005CFF1A /* AppDemoMainGLFW.cpp */; };
		41030D111FED595B005CFF1A /* OpenGL.framework in Frameworks */ = {isa = PBXBuildFile; fileRef = 41030D101FED595B005CFF1A /* OpenGL.framework */; };
		411838A7201CDD9E0026A4C6 /* libwebp.a in Frameworks */ = {isa = PBXBuildFile; fileRef = 411838A4201CDD9D0026A4C6 /* libwebp.a */; };
		411838A8201CDD9E0026A4C6 /* libwebpdemux.a in Frameworks */ = {isa = PBXBuildFile; fileRef = 411838A5201CDD9E0026A4C6 /* libwebpdemux.a */; };
		411838A9201CDD9E0026A4C6 /* libwebpmux.a in Frameworks */ = {isa = PBXBuildFile; fileRef = 411838A6201CDD9E0026A4C6 /* libwebpmux.a */; };
		412F12941FF280B30003687F /* IOKit.framework in Frameworks */ = {isa = PBXBuildFile; fileRef = 412F12931FF280B30003687F /* IOKit.framework */; };
		412F12961FF280D40003687F /* CoreFoundation.framework in Frameworks */ = {isa = PBXBuildFile; fileRef = 412F12951FF280D40003687F /* CoreFoundation.framework */; };
		412F12981FF281240003687F /* QuartzCore.framework in Frameworks */ = {isa = PBXBuildFile; fileRef = 412F12971FF281240003687F /* QuartzCore.framework */; };
		412F129A1FF281390003687F /* CoreGraphics.framework in Frameworks */ = {isa = PBXBuildFile; fileRef = 412F12991FF281390003687F /* CoreGraphics.framework */; };
		412F129C1FF2815A0003687F /* Cocoa.framework in Frameworks */ = {isa = PBXBuildFile; fileRef = 412F129B1FF2815A0003687F /* Cocoa.framework */; };
		4168A03B2020B87C00560A5B /* AppDemoGui.cpp in Sources */ = {isa = PBXBuildFile; fileRef = 4168A03A2020B87C00560A5B /* AppDemoGui.cpp */; };
		4168A03D2020C92300560A5B /* AppDemoLoad.cpp in Sources */ = {isa = PBXBuildFile; fileRef = 4168A03C2020C92300560A5B /* AppDemoLoad.cpp */; };
		4178D6852020B09C00F4F699 /* liblib-SLExternal-macxcode.a in Frameworks */ = {isa = PBXBuildFile; fileRef = 4178D6842020B09C00F4F699 /* liblib-SLExternal-macxcode.a */; };
		41C841CD1FF26BB000E1A99F /* liblib-SLProject.a in Frameworks */ = {isa = PBXBuildFile; fileRef = 41C841CB1FF26BB000E1A99F /* liblib-SLProject.a */; };
		41CAE1372011CEF600B2830F /* libopencv_calib3d.3.4.0.dylib in Frameworks */ = {isa = PBXBuildFile; fileRef = 41CAE1362011CEF600B2830F /* libopencv_calib3d.3.4.0.dylib */; };
		41CAE1392011CF3A00B2830F /* libopencv_ccalib.3.4.0.dylib in Frameworks */ = {isa = PBXBuildFile; fileRef = 41CAE1382011CF3A00B2830F /* libopencv_ccalib.3.4.0.dylib */; };
		41CAE13B2011CF6700B2830F /* libopencv_core.3.4.0.dylib in Frameworks */ = {isa = PBXBuildFile; fileRef = 41CAE13A2011CF6700B2830F /* libopencv_core.3.4.0.dylib */; };
		41CAE1412011CFB700B2830F /* libopencv_imgproc.3.4.0.dylib in Frameworks */ = {isa = PBXBuildFile; fileRef = 41CAE13C2011CFB700B2830F /* libopencv_imgproc.3.4.0.dylib */; };
		41CAE1422011CFB700B2830F /* libopencv_video.3.4.0.dylib in Frameworks */ = {isa = PBXBuildFile; fileRef = 41CAE13D2011CFB700B2830F /* libopencv_video.3.4.0.dylib */; };
		41CAE1432011CFB700B2830F /* libopencv_videoio.3.4.0.dylib in Frameworks */ = {isa = PBXBuildFile; fileRef = 41CAE13E2011CFB700B2830F /* libopencv_videoio.3.4.0.dylib */; };
		41CAE1442011CFB700B2830F /* libopencv_imgcodecs.3.4.0.dylib in Frameworks */ = {isa = PBXBuildFile; fileRef = 41CAE13F2011CFB700B2830F /* libopencv_imgcodecs.3.4.0.dylib */; };
		41CAE1452011CFB700B2830F /* libopencv_features2d.3.4.0.dylib in Frameworks */ = {isa = PBXBuildFile; fileRef = 41CAE1402011CFB700B2830F /* libopencv_features2d.3.4.0.dylib */; };
		41CAE14A2011D02200B2830F /* libopencv_flann.3.4.0.dylib in Frameworks */ = {isa = PBXBuildFile; fileRef = 41CAE1462011D02200B2830F /* libopencv_flann.3.4.0.dylib */; };
		41CAE14B2011D02200B2830F /* libopencv_highgui.3.4.0.dylib in Frameworks */ = {isa = PBXBuildFile; fileRef = 41CAE1472011D02200B2830F /* libopencv_highgui.3.4.0.dylib */; };
		41CAE14C2011D02200B2830F /* libopencv_objdetect.3.4.0.dylib in Frameworks */ = {isa = PBXBuildFile; fileRef = 41CAE1482011D02200B2830F /* libopencv_objdetect.3.4.0.dylib */; };
		41CAE14D2011D02200B2830F /* libopencv_xfeatures2d.3.4.0.dylib in Frameworks */ = {isa = PBXBuildFile; fileRef = 41CAE1492011D02200B2830F /* libopencv_xfeatures2d.3.4.0.dylib */; };
		41CAE14F2011D08900B2830F /* libopencv_aruco.3.4.0.dylib in Frameworks */ = {isa = PBXBuildFile; fileRef = 41CAE14E2011D08900B2830F /* libopencv_aruco.3.4.0.dylib */; };
/* End PBXBuildFile section */

/* Begin PBXCopyFilesBuildPhase section */
		41A062911FED08E3000AC2C1 /* CopyFiles */ = {
			isa = PBXCopyFilesBuildPhase;
			buildActionMask = 8;
			dstPath = "$(BUILD_DIR)";
			dstSubfolderSpec = 0;
			files = (
			);
			runOnlyForDeploymentPostprocessing = 1;
		};
/* End PBXCopyFilesBuildPhase section */

/* Begin PBXFileReference section */
		41030D071FED58EC005CFF1A /* AppDemoMainGLFW.cpp */ = {isa = PBXFileReference; fileEncoding = 4; lastKnownFileType = sourcecode.cpp.cpp; name = AppDemoMainGLFW.cpp; path = source/AppDemoMainGLFW.cpp; sourceTree = "<group>"; };
		41030D101FED595B005CFF1A /* OpenGL.framework */ = {isa = PBXFileReference; lastKnownFileType = wrapper.framework; name = OpenGL.framework; path = System/Library/Frameworks/OpenGL.framework; sourceTree = SDKROOT; };
		411838A4201CDD9D0026A4C6 /* libwebp.a */ = {isa = PBXFileReference; lastKnownFileType = archive.ar; name = libwebp.a; path = ../_lib/prebuilt/OpenCV/macx/libwebp.a; sourceTree = "<group>"; };
		411838A5201CDD9E0026A4C6 /* libwebpdemux.a */ = {isa = PBXFileReference; lastKnownFileType = archive.ar; name = libwebpdemux.a; path = ../_lib/prebuilt/OpenCV/macx/libwebpdemux.a; sourceTree = "<group>"; };
		411838A6201CDD9E0026A4C6 /* libwebpmux.a */ = {isa = PBXFileReference; lastKnownFileType = archive.ar; name = libwebpmux.a; path = ../_lib/prebuilt/OpenCV/macx/libwebpmux.a; sourceTree = "<group>"; };
		412F12931FF280B30003687F /* IOKit.framework */ = {isa = PBXFileReference; lastKnownFileType = wrapper.framework; name = IOKit.framework; path = System/Library/Frameworks/IOKit.framework; sourceTree = SDKROOT; };
		412F12951FF280D40003687F /* CoreFoundation.framework */ = {isa = PBXFileReference; lastKnownFileType = wrapper.framework; name = CoreFoundation.framework; path = System/Library/Frameworks/CoreFoundation.framework; sourceTree = SDKROOT; };
		412F12971FF281240003687F /* QuartzCore.framework */ = {isa = PBXFileReference; lastKnownFileType = wrapper.framework; name = QuartzCore.framework; path = System/Library/Frameworks/QuartzCore.framework; sourceTree = SDKROOT; };
		412F12991FF281390003687F /* CoreGraphics.framework */ = {isa = PBXFileReference; lastKnownFileType = wrapper.framework; name = CoreGraphics.framework; path = System/Library/Frameworks/CoreGraphics.framework; sourceTree = SDKROOT; };
		412F129B1FF2815A0003687F /* Cocoa.framework */ = {isa = PBXFileReference; lastKnownFileType = wrapper.framework; name = Cocoa.framework; path = System/Library/Frameworks/Cocoa.framework; sourceTree = SDKROOT; };
		4168A0392020B87C00560A5B /* AppDemoGui.h */ = {isa = PBXFileReference; fileEncoding = 4; lastKnownFileType = sourcecode.c.h; name = AppDemoGui.h; path = source/AppDemoGui.h; sourceTree = "<group>"; };
		4168A03A2020B87C00560A5B /* AppDemoGui.cpp */ = {isa = PBXFileReference; fileEncoding = 4; lastKnownFileType = sourcecode.cpp.cpp; name = AppDemoGui.cpp; path = source/AppDemoGui.cpp; sourceTree = "<group>"; };
		4168A03C2020C92300560A5B /* AppDemoLoad.cpp */ = {isa = PBXFileReference; fileEncoding = 4; lastKnownFileType = sourcecode.cpp.cpp; name = AppDemoLoad.cpp; path = source/AppDemoLoad.cpp; sourceTree = "<group>"; };
		4178D6842020B09C00F4F699 /* liblib-SLExternal-macxcode.a */ = {isa = PBXFileReference; lastKnownFileType = archive.ar; name = "liblib-SLExternal-macxcode.a"; path = "../_bin-Debug-macxcode/liblib-SLExternal-macxcode.a"; sourceTree = "<group>"; };
		41A062931FED08E3000AC2C1 /* app-Demo-GLFW */ = {isa = PBXFileReference; explicitFileType = "compiled.mach-o.executable"; includeInIndex = 0; path = "app-Demo-GLFW"; sourceTree = BUILT_PRODUCTS_DIR; };
		41C841CB1FF26BB000E1A99F /* liblib-SLProject.a */ = {isa = PBXFileReference; lastKnownFileType = archive.ar; name = "liblib-SLProject.a"; path = "../_bin-Debug-macxcode/liblib-SLProject.a"; sourceTree = "<group>"; };
		41CAE1362011CEF600B2830F /* libopencv_calib3d.3.4.0.dylib */ = {isa = PBXFileReference; lastKnownFileType = "compiled.mach-o.dylib"; name = libopencv_calib3d.3.4.0.dylib; path = ../_lib/prebuilt/OpenCV/macx/libopencv_calib3d.3.4.0.dylib; sourceTree = "<group>"; };
		41CAE1382011CF3A00B2830F /* libopencv_ccalib.3.4.0.dylib */ = {isa = PBXFileReference; lastKnownFileType = "compiled.mach-o.dylib"; name = libopencv_ccalib.3.4.0.dylib; path = ../_lib/prebuilt/OpenCV/macx/libopencv_ccalib.3.4.0.dylib; sourceTree = "<group>"; };
		41CAE13A2011CF6700B2830F /* libopencv_core.3.4.0.dylib */ = {isa = PBXFileReference; lastKnownFileType = "compiled.mach-o.dylib"; name = libopencv_core.3.4.0.dylib; path = ../_lib/prebuilt/OpenCV/macx/libopencv_core.3.4.0.dylib; sourceTree = "<group>"; };
		41CAE13C2011CFB700B2830F /* libopencv_imgproc.3.4.0.dylib */ = {isa = PBXFileReference; lastKnownFileType = "compiled.mach-o.dylib"; name = libopencv_imgproc.3.4.0.dylib; path = ../_lib/prebuilt/OpenCV/macx/libopencv_imgproc.3.4.0.dylib; sourceTree = "<group>"; };
		41CAE13D2011CFB700B2830F /* libopencv_video.3.4.0.dylib */ = {isa = PBXFileReference; lastKnownFileType = "compiled.mach-o.dylib"; name = libopencv_video.3.4.0.dylib; path = ../_lib/prebuilt/OpenCV/macx/libopencv_video.3.4.0.dylib; sourceTree = "<group>"; };
		41CAE13E2011CFB700B2830F /* libopencv_videoio.3.4.0.dylib */ = {isa = PBXFileReference; lastKnownFileType = "compiled.mach-o.dylib"; name = libopencv_videoio.3.4.0.dylib; path = ../_lib/prebuilt/OpenCV/macx/libopencv_videoio.3.4.0.dylib; sourceTree = "<group>"; };
		41CAE13F2011CFB700B2830F /* libopencv_imgcodecs.3.4.0.dylib */ = {isa = PBXFileReference; lastKnownFileType = "compiled.mach-o.dylib"; name = libopencv_imgcodecs.3.4.0.dylib; path = ../_lib/prebuilt/OpenCV/macx/libopencv_imgcodecs.3.4.0.dylib; sourceTree = "<group>"; };
		41CAE1402011CFB700B2830F /* libopencv_features2d.3.4.0.dylib */ = {isa = PBXFileReference; lastKnownFileType = "compiled.mach-o.dylib"; name = libopencv_features2d.3.4.0.dylib; path = ../_lib/prebuilt/OpenCV/macx/libopencv_features2d.3.4.0.dylib; sourceTree = "<group>"; };
		41CAE1462011D02200B2830F /* libopencv_flann.3.4.0.dylib */ = {isa = PBXFileReference; lastKnownFileType = "compiled.mach-o.dylib"; name = libopencv_flann.3.4.0.dylib; path = ../_lib/prebuilt/OpenCV/macx/libopencv_flann.3.4.0.dylib; sourceTree = "<group>"; };
		41CAE1472011D02200B2830F /* libopencv_highgui.3.4.0.dylib */ = {isa = PBXFileReference; lastKnownFileType = "compiled.mach-o.dylib"; name = libopencv_highgui.3.4.0.dylib; path = ../_lib/prebuilt/OpenCV/macx/libopencv_highgui.3.4.0.dylib; sourceTree = "<group>"; };
		41CAE1482011D02200B2830F /* libopencv_objdetect.3.4.0.dylib */ = {isa = PBXFileReference; lastKnownFileType = "compiled.mach-o.dylib"; name = libopencv_objdetect.3.4.0.dylib; path = ../_lib/prebuilt/OpenCV/macx/libopencv_objdetect.3.4.0.dylib; sourceTree = "<group>"; };
		41CAE1492011D02200B2830F /* libopencv_xfeatures2d.3.4.0.dylib */ = {isa = PBXFileReference; lastKnownFileType = "compiled.mach-o.dylib"; name = libopencv_xfeatures2d.3.4.0.dylib; path = ../_lib/prebuilt/OpenCV/macx/libopencv_xfeatures2d.3.4.0.dylib; sourceTree = "<group>"; };
		41CAE14E2011D08900B2830F /* libopencv_aruco.3.4.0.dylib */ = {isa = PBXFileReference; lastKnownFileType = "compiled.mach-o.dylib"; name = libopencv_aruco.3.4.0.dylib; path = ../_lib/prebuilt/OpenCV/macx/libopencv_aruco.3.4.0.dylib; sourceTree = "<group>"; };
/* End PBXFileReference section */

/* Begin PBXFrameworksBuildPhase section */
		41A062901FED08E3000AC2C1 /* Frameworks */ = {
			isa = PBXFrameworksBuildPhase;
			buildActionMask = 2147483647;
			files = (
				411838A7201CDD9E0026A4C6 /* libwebp.a in Frameworks */,
				411838A8201CDD9E0026A4C6 /* libwebpdemux.a in Frameworks */,
				411838A9201CDD9E0026A4C6 /* libwebpmux.a in Frameworks */,
				412F129C1FF2815A0003687F /* Cocoa.framework in Frameworks */,
				412F129A1FF281390003687F /* CoreGraphics.framework in Frameworks */,
				41CAE13B2011CF6700B2830F /* libopencv_core.3.4.0.dylib in Frameworks */,
				412F12981FF281240003687F /* QuartzCore.framework in Frameworks */,
				412F12961FF280D40003687F /* CoreFoundation.framework in Frameworks */,
				41CAE1412011CFB700B2830F /* libopencv_imgproc.3.4.0.dylib in Frameworks */,
				4178D6852020B09C00F4F699 /* liblib-SLExternal-macxcode.a in Frameworks */,
				41CAE1422011CFB700B2830F /* libopencv_video.3.4.0.dylib in Frameworks */,
				412F12941FF280B30003687F /* IOKit.framework in Frameworks */,
				41CAE1392011CF3A00B2830F /* libopencv_ccalib.3.4.0.dylib in Frameworks */,
				41030D111FED595B005CFF1A /* OpenGL.framework in Frameworks */,
				41CAE1442011CFB700B2830F /* libopencv_imgcodecs.3.4.0.dylib in Frameworks */,
				41CAE1372011CEF600B2830F /* libopencv_calib3d.3.4.0.dylib in Frameworks */,
				41CAE14F2011D08900B2830F /* libopencv_aruco.3.4.0.dylib in Frameworks */,
				41CAE1452011CFB700B2830F /* libopencv_features2d.3.4.0.dylib in Frameworks */,
				41CAE14C2011D02200B2830F /* libopencv_objdetect.3.4.0.dylib in Frameworks */,
				41CAE1432011CFB700B2830F /* libopencv_videoio.3.4.0.dylib in Frameworks */,
				41CAE14A2011D02200B2830F /* libopencv_flann.3.4.0.dylib in Frameworks */,
				41CAE14B2011D02200B2830F /* libopencv_highgui.3.4.0.dylib in Frameworks */,
				41CAE14D2011D02200B2830F /* libopencv_xfeatures2d.3.4.0.dylib in Frameworks */,
				41C841CD1FF26BB000E1A99F /* liblib-SLProject.a in Frameworks */,
			);
			runOnlyForDeploymentPostprocessing = 0;
		};
/* End PBXFrameworksBuildPhase section */

/* Begin PBXGroup section */
		41030D091FED5923005CFF1A /* Frameworks */ = {
			isa = PBXGroup;
			children = (
				4178D6842020B09C00F4F699 /* liblib-SLExternal-macxcode.a */,
				411838A4201CDD9D0026A4C6 /* libwebp.a */,
				411838A5201CDD9E0026A4C6 /* libwebpdemux.a */,
				411838A6201CDD9E0026A4C6 /* libwebpmux.a */,
				412F129B1FF2815A0003687F /* Cocoa.framework */,
				412F12951FF280D40003687F /* CoreFoundation.framework */,
				412F12991FF281390003687F /* CoreGraphics.framework */,
				412F12931FF280B30003687F /* IOKit.framework */,
				41C841CB1FF26BB000E1A99F /* liblib-SLProject.a */,
				41CAE14E2011D08900B2830F /* libopencv_aruco.3.4.0.dylib */,
				41CAE1362011CEF600B2830F /* libopencv_calib3d.3.4.0.dylib */,
				41CAE1382011CF3A00B2830F /* libopencv_ccalib.3.4.0.dylib */,
				41CAE13A2011CF6700B2830F /* libopencv_core.3.4.0.dylib */,
				41CAE1402011CFB700B2830F /* libopencv_features2d.3.4.0.dylib */,
				41CAE1462011D02200B2830F /* libopencv_flann.3.4.0.dylib */,
				41CAE1472011D02200B2830F /* libopencv_highgui.3.4.0.dylib */,
				41CAE13F2011CFB700B2830F /* libopencv_imgcodecs.3.4.0.dylib */,
				41CAE13C2011CFB700B2830F /* libopencv_imgproc.3.4.0.dylib */,
				41CAE1482011D02200B2830F /* libopencv_objdetect.3.4.0.dylib */,
				41CAE13D2011CFB700B2830F /* libopencv_video.3.4.0.dylib */,
				41CAE13E2011CFB700B2830F /* libopencv_videoio.3.4.0.dylib */,
				41CAE1492011D02200B2830F /* libopencv_xfeatures2d.3.4.0.dylib */,
				41030D101FED595B005CFF1A /* OpenGL.framework */,
				412F12971FF281240003687F /* QuartzCore.framework */,
			);
			name = Frameworks;
			sourceTree = "<group>";
		};
		41A0628A1FED08E3000AC2C1 = {
			isa = PBXGroup;
			children = (
				4168A03C2020C92300560A5B /* AppDemoLoad.cpp */,
				4168A03A2020B87C00560A5B /* AppDemoGui.cpp */,
				4168A0392020B87C00560A5B /* AppDemoGui.h */,
				41030D071FED58EC005CFF1A /* AppDemoMainGLFW.cpp */,
				41030D091FED5923005CFF1A /* Frameworks */,
				41A062941FED08E3000AC2C1 /* Products */,
			);
			sourceTree = "<group>";
		};
		41A062941FED08E3000AC2C1 /* Products */ = {
			isa = PBXGroup;
			children = (
				41A062931FED08E3000AC2C1 /* app-Demo-GLFW */,
			);
			name = Products;
			sourceTree = "<group>";
		};
/* End PBXGroup section */

/* Begin PBXNativeTarget section */
		41A062921FED08E3000AC2C1 /* app-Demo-GLFW */ = {
			isa = PBXNativeTarget;
			buildConfigurationList = 41A0629A1FED08E3000AC2C1 /* Build configuration list for PBXNativeTarget "app-Demo-GLFW" */;
			buildPhases = (
				41A0628F1FED08E3000AC2C1 /* Sources */,
				41A062901FED08E3000AC2C1 /* Frameworks */,
				41A062911FED08E3000AC2C1 /* CopyFiles */,
				410E337A1FF3BBF90061EFBC /* ShellScript */,
			);
			buildRules = (
			);
			dependencies = (
			);
			name = "app-Demo-GLFW";
			productName = "app-Demo-GLFW";
			productReference = 41A062931FED08E3000AC2C1 /* app-Demo-GLFW */;
			productType = "com.apple.product-type.tool";
		};
/* End PBXNativeTarget section */

/* Begin PBXProject section */
		41A0628B1FED08E3000AC2C1 /* Project object */ = {
			isa = PBXProject;
			attributes = {
				LastUpgradeCheck = 0920;
				ORGANIZATIONNAME = "Marcus Hudritsch";
				TargetAttributes = {
					41A062921FED08E3000AC2C1 = {
						CreatedOnToolsVersion = 9.2;
						ProvisioningStyle = Automatic;
					};
				};
			};
			buildConfigurationList = 41A0628E1FED08E3000AC2C1 /* Build configuration list for PBXProject "app-Demo-GLFW" */;
			compatibilityVersion = "Xcode 8.0";
			developmentRegion = en;
			hasScannedForEncodings = 0;
			knownRegions = (
				en,
			);
			mainGroup = 41A0628A1FED08E3000AC2C1;
			productRefGroup = 41A062941FED08E3000AC2C1 /* Products */;
			projectDirPath = "";
			projectRoot = "";
			targets = (
				41A062921FED08E3000AC2C1 /* app-Demo-GLFW */,
			);
		};
/* End PBXProject section */

/* Begin PBXShellScriptBuildPhase section */
		410E337A1FF3BBF90061EFBC /* ShellScript */ = {
			isa = PBXShellScriptBuildPhase;
			buildActionMask = 12;
			files = (
			);
			inputPaths = (
			);
			outputPaths = (
			);
			runOnlyForDeploymentPostprocessing = 0;
			shellPath = /bin/sh;
			shellScript = "cp ../_lib/prebuilt/OpenCV/macx/libopencv_* ../_bin-Debug-macxcode/";
		};
/* End PBXShellScriptBuildPhase section */

/* Begin PBXSourcesBuildPhase section */
		41A0628F1FED08E3000AC2C1 /* Sources */ = {
			isa = PBXSourcesBuildPhase;
			buildActionMask = 2147483647;
			files = (
				4168A03D2020C92300560A5B /* AppDemoLoad.cpp in Sources */,
				41030D081FED58EC005CFF1A /* AppDemoMainGLFW.cpp in Sources */,
				4168A03B2020B87C00560A5B /* AppDemoGui.cpp in Sources */,
			);
			runOnlyForDeploymentPostprocessing = 0;
		};
/* End PBXSourcesBuildPhase section */

/* Begin XCBuildConfiguration section */
		41A062981FED08E3000AC2C1 /* Debug */ = {
			isa = XCBuildConfiguration;
			buildSettings = {
				ALWAYS_SEARCH_USER_PATHS = NO;
				CLANG_ANALYZER_NONNULL = YES;
				CLANG_ANALYZER_NUMBER_OBJECT_CONVERSION = YES_AGGRESSIVE;
				CLANG_CXX_LANGUAGE_STANDARD = "gnu++14";
				CLANG_CXX_LIBRARY = "libc++";
				CLANG_ENABLE_MODULES = YES;
				CLANG_ENABLE_OBJC_ARC = YES;
				CLANG_WARN_BLOCK_CAPTURE_AUTORELEASING = YES;
				CLANG_WARN_BOOL_CONVERSION = YES;
				CLANG_WARN_COMMA = YES;
				CLANG_WARN_CONSTANT_CONVERSION = YES;
				CLANG_WARN_DIRECT_OBJC_ISA_USAGE = YES_ERROR;
				CLANG_WARN_DOCUMENTATION_COMMENTS = YES;
				CLANG_WARN_EMPTY_BODY = YES;
				CLANG_WARN_ENUM_CONVERSION = YES;
				CLANG_WARN_INFINITE_RECURSION = YES;
				CLANG_WARN_INT_CONVERSION = YES;
				CLANG_WARN_NON_LITERAL_NULL_CONVERSION = YES;
				CLANG_WARN_OBJC_LITERAL_CONVERSION = YES;
				CLANG_WARN_OBJC_ROOT_CLASS = YES_ERROR;
				CLANG_WARN_RANGE_LOOP_ANALYSIS = YES;
				CLANG_WARN_STRICT_PROTOTYPES = YES;
				CLANG_WARN_SUSPICIOUS_MOVE = YES;
				CLANG_WARN_UNGUARDED_AVAILABILITY = YES_AGGRESSIVE;
				CLANG_WARN_UNREACHABLE_CODE = YES;
				CLANG_WARN__DUPLICATE_METHOD_MATCH = YES;
				CODE_SIGN_IDENTITY = "-";
				CONFIGURATION_TEMP_DIR = "$(PROJECT_DIR)/../intermediate/$(PROJECT_NAME)/$(CONFIGURATION)";
				COPY_PHASE_STRIP = NO;
				DEBUG_INFORMATION_FORMAT = dwarf;
				ENABLE_STRICT_OBJC_MSGSEND = YES;
				ENABLE_TESTABILITY = YES;
				GCC_C_LANGUAGE_STANDARD = gnu11;
				GCC_DYNAMIC_NO_PIC = NO;
				GCC_NO_COMMON_BLOCKS = YES;
				GCC_OPTIMIZATION_LEVEL = 0;
				GCC_PREPROCESSOR_DEFINITIONS = (
					"DEBUG=1",
					"$(inherited)",
				);
				GCC_WARN_64_TO_32_BIT_CONVERSION = YES;
				GCC_WARN_ABOUT_RETURN_TYPE = YES_ERROR;
				GCC_WARN_UNDECLARED_SELECTOR = YES;
				GCC_WARN_UNINITIALIZED_AUTOS = YES_AGGRESSIVE;
				GCC_WARN_UNUSED_FUNCTION = YES;
				GCC_WARN_UNUSED_VARIABLE = YES;
				MACOSX_DEPLOYMENT_TARGET = 10.12;
				MTL_ENABLE_DEBUG_INFO = YES;
				OBJROOT = "$(PROJECT_DIR)/../intermediate/$(PROJECT_NAME)/$(CONFIGURATION)";
				ONLY_ACTIVE_ARCH = YES;
				SDKROOT = macosx;
				SHARED_PRECOMPS_DIR = "$(PROJECT_DIR)/../intermediate/$(PROJECT_NAME)/$(CONFIGURATION)";
				SYMROOT = "$(PROJECT_DIR)/../_bin-$(CONFIGURATION)-macxcode";
				WARNING_LDFLAGS = "-Wno";
			};
			name = Debug;
		};
		41A062991FED08E3000AC2C1 /* Release */ = {
			isa = XCBuildConfiguration;
			buildSettings = {
				ALWAYS_SEARCH_USER_PATHS = NO;
				CLANG_ANALYZER_NONNULL = YES;
				CLANG_ANALYZER_NUMBER_OBJECT_CONVERSION = YES_AGGRESSIVE;
				CLANG_CXX_LANGUAGE_STANDARD = "gnu++14";
				CLANG_CXX_LIBRARY = "libc++";
				CLANG_ENABLE_MODULES = YES;
				CLANG_ENABLE_OBJC_ARC = YES;
				CLANG_WARN_BLOCK_CAPTURE_AUTORELEASING = YES;
				CLANG_WARN_BOOL_CONVERSION = YES;
				CLANG_WARN_COMMA = YES;
				CLANG_WARN_CONSTANT_CONVERSION = YES;
				CLANG_WARN_DIRECT_OBJC_ISA_USAGE = YES_ERROR;
				CLANG_WARN_DOCUMENTATION_COMMENTS = YES;
				CLANG_WARN_EMPTY_BODY = YES;
				CLANG_WARN_ENUM_CONVERSION = YES;
				CLANG_WARN_INFINITE_RECURSION = YES;
				CLANG_WARN_INT_CONVERSION = YES;
				CLANG_WARN_NON_LITERAL_NULL_CONVERSION = YES;
				CLANG_WARN_OBJC_LITERAL_CONVERSION = YES;
				CLANG_WARN_OBJC_ROOT_CLASS = YES_ERROR;
				CLANG_WARN_RANGE_LOOP_ANALYSIS = YES;
				CLANG_WARN_STRICT_PROTOTYPES = YES;
				CLANG_WARN_SUSPICIOUS_MOVE = YES;
				CLANG_WARN_UNGUARDED_AVAILABILITY = YES_AGGRESSIVE;
				CLANG_WARN_UNREACHABLE_CODE = YES;
				CLANG_WARN__DUPLICATE_METHOD_MATCH = YES;
				CODE_SIGN_IDENTITY = "-";
				CONFIGURATION_TEMP_DIR = "$(PROJECT_DIR)/../intermediate/$(PROJECT_NAME)/$(CONFIGURATION)";
				COPY_PHASE_STRIP = NO;
				DEBUG_INFORMATION_FORMAT = "dwarf-with-dsym";
				ENABLE_NS_ASSERTIONS = NO;
				ENABLE_STRICT_OBJC_MSGSEND = YES;
				GCC_C_LANGUAGE_STANDARD = gnu11;
				GCC_NO_COMMON_BLOCKS = YES;
				GCC_WARN_64_TO_32_BIT_CONVERSION = YES;
				GCC_WARN_ABOUT_RETURN_TYPE = YES_ERROR;
				GCC_WARN_UNDECLARED_SELECTOR = YES;
				GCC_WARN_UNINITIALIZED_AUTOS = YES_AGGRESSIVE;
				GCC_WARN_UNUSED_FUNCTION = YES;
				GCC_WARN_UNUSED_VARIABLE = YES;
				MACOSX_DEPLOYMENT_TARGET = 10.12;
				MTL_ENABLE_DEBUG_INFO = NO;
				OBJROOT = "$(PROJECT_DIR)/../intermediate/$(PROJECT_NAME)/$(CONFIGURATION)";
				SDKROOT = macosx;
				SHARED_PRECOMPS_DIR = "$(PROJECT_DIR)/../intermediate/$(PROJECT_NAME)/$(CONFIGURATION)";
				SYMROOT = "$(PROJECT_DIR)/../_bin-$(CONFIGURATION)-macxcode";
				WARNING_LDFLAGS = "-Wno";
			};
			name = Release;
		};
		41A0629B1FED08E3000AC2C1 /* Debug */ = {
			isa = XCBuildConfiguration;
			buildSettings = {
				CLANG_WARN_DOCUMENTATION_COMMENTS = NO;
				CODE_SIGN_STYLE = Automatic;
				CONFIGURATION_BUILD_DIR = "$(PROJECT_DIR)/../_bin-$(CONFIGURATION)-macxcode";
				CONFIGURATION_TEMP_DIR = "$(PROJECT_DIR)/../intermediate/$(PROJECT_NAME)/$(CONFIGURATION)";
				FRAMEWORK_SEARCH_PATHS = "$(PROJECT_DIR)/../_bin-$(CONFIGURATION)-macxcode";
				GCC_PREPROCESSOR_DEFINITIONS = "SL_STARTSCENE=SID_Minimal";
				GCC_WARN_CHECK_SWITCH_STATEMENTS = NO;
				HEADER_SEARCH_PATHS = (
					"../include/**",
					"../lib-SLExternal/**",
					"source/**",
				);
				INSTALL_PATH = "$(PROJECT_DIR)/../_bin-$(CONFIGURATION)-macxcode";
				LIBRARY_SEARCH_PATHS = (
					"$(PROJECT_DIR)/../_lib/prebuilt/OpenCV/macx",
					"$(PROJECT_DIR)/../_bin-$(CONFIGURATION)-macxcode",
				);
				MACOSX_DEPLOYMENT_TARGET = 10.12;
				PRODUCT_NAME = "$(TARGET_NAME)";
				SYMROOT = "$(PROJECT_DIR)/../_bin-$(CONFIGURATION)-macxcode";
			};
			name = Debug;
		};
		41A0629C1FED08E3000AC2C1 /* Release */ = {
			isa = XCBuildConfiguration;
			buildSettings = {
				CLANG_WARN_DOCUMENTATION_COMMENTS = NO;
				CODE_SIGN_STYLE = Automatic;
				CONFIGURATION_BUILD_DIR = "$(PROJECT_DIR)/../_bin-$(CONFIGURATION)-macxcode";
				CONFIGURATION_TEMP_DIR = "$(PROJECT_DIR)/../intermediate/$(PROJECT_NAME)/$(CONFIGURATION)";
				FRAMEWORK_SEARCH_PATHS = "$(PROJECT_DIR)/../_bin-$(CONFIGURATION)-macxcode";
				GCC_PREPROCESSOR_DEFINITIONS = "SL_STARTSCENE=SID_Minimal";
				GCC_WARN_CHECK_SWITCH_STATEMENTS = NO;
				HEADER_SEARCH_PATHS = (
					"../include/**",
					"../lib-SLExternal/**",
					"source/**",
				);
				INSTALL_PATH = "$(PROJECT_DIR)/../_bin-$(CONFIGURATION)-macxcode";
				LIBRARY_SEARCH_PATHS = (
					"$(PROJECT_DIR)/../_lib/prebuilt/OpenCV/macx",
					"$(PROJECT_DIR)/../_bin-$(CONFIGURATION)-macxcode",
				);
				MACOSX_DEPLOYMENT_TARGET = 10.12;
				PRODUCT_NAME = "$(TARGET_NAME)";
				SYMROOT = "$(PROJECT_DIR)/../_bin-$(CONFIGURATION)-macxcode";
			};
			name = Release;
		};
/* End XCBuildConfiguration section */

/* Begin XCConfigurationList section */
		41A0628E1FED08E3000AC2C1 /* Build configuration list for PBXProject "app-Demo-GLFW" */ = {
			isa = XCConfigurationList;
			buildConfigurations = (
				41A062981FED08E3000AC2C1 /* Debug */,
				41A062991FED08E3000AC2C1 /* Release */,
			);
			defaultConfigurationIsVisible = 0;
			defaultConfigurationName = Release;
		};
		41A0629A1FED08E3000AC2C1 /* Build configuration list for PBXNativeTarget "app-Demo-GLFW" */ = {
			isa = XCConfigurationList;
			buildConfigurations = (
				41A0629B1FED08E3000AC2C1 /* Debug */,
				41A0629C1FED08E3000AC2C1 /* Release */,
			);
			defaultConfigurationIsVisible = 0;
			defaultConfigurationName = Release;
		};
/* End XCConfigurationList section */
	};
	rootObject = 41A0628B1FED08E3000AC2C1 /* Project object */;
}
