// !$*UTF8*$!
{
	archiveVersion = 1;
	classes = {
	};
	objectVersion = 48;
	objects = {

/* Begin PBXBuildFile section */
		41030D081FED58EC005CFF1A /* glfwMain.cpp in Sources */ = {isa = PBXBuildFile; fileRef = 41030D071FED58EC005CFF1A /* glfwMain.cpp */; };
		41030D111FED595B005CFF1A /* OpenGL.framework in Frameworks */ = {isa = PBXBuildFile; fileRef = 41030D101FED595B005CFF1A /* OpenGL.framework */; };
		41C559FE1FEEE38100CB951B /* liblib-SLExternal-macx.a in Frameworks */ = {isa = PBXBuildFile; fileRef = 41C559FF1FEEE38100CB951B /* liblib-SLExternal-macx.a */; };
		41C55A011FEEE38100CB951B /* liblib-SLProject.a in Frameworks */ = {isa = PBXBuildFile; fileRef = 41261FEE1FEE7DC5008632F6 /* liblib-SLProject.a */; };
/* End PBXBuildFile section */

/* Begin PBXContainerItemProxy section */
		41261FED1FEE7DC5008632F6 /* PBXContainerItemProxy */ = {
			isa = PBXContainerItemProxy;
			containerPortal = 41261FE81FEE7DC5008632F6 /* lib-SLProject.xcodeproj */;
			proxyType = 2;
			remoteGlobalIDString = 4168FDE01FED45EA007C56B3;
			remoteInfo = "lib-SLProject";
		};
/* End PBXContainerItemProxy section */

/* Begin PBXCopyFilesBuildPhase section */
		41A062911FED08E3000AC2C1 /* CopyFiles */ = {
			isa = PBXCopyFilesBuildPhase;
			buildActionMask = 2147483647;
			dstPath = /usr/share/man/man1/;
			dstSubfolderSpec = 0;
			files = (
			);
			runOnlyForDeploymentPostprocessing = 1;
		};
/* End PBXCopyFilesBuildPhase section */

/* Begin PBXFileReference section */
		41030D071FED58EC005CFF1A /* glfwMain.cpp */ = {isa = PBXFileReference; fileEncoding = 4; lastKnownFileType = sourcecode.cpp.cpp; name = glfwMain.cpp; path = source/glfwMain.cpp; sourceTree = "<group>"; };
		41030D101FED595B005CFF1A /* OpenGL.framework */ = {isa = PBXFileReference; lastKnownFileType = wrapper.framework; name = OpenGL.framework; path = System/Library/Frameworks/OpenGL.framework; sourceTree = SDKROOT; };
		41261FE81FEE7DC5008632F6 /* lib-SLProject.xcodeproj */ = {isa = PBXFileReference; lastKnownFileType = "wrapper.pb-project"; name = "lib-SLProject.xcodeproj"; path = "../lib-SLProject/lib-SLProject.xcodeproj"; sourceTree = "<group>"; };
		41A062931FED08E3000AC2C1 /* app-Demo-GLFW */ = {isa = PBXFileReference; explicitFileType = "compiled.mach-o.executable"; includeInIndex = 0; path = "app-Demo-GLFW"; sourceTree = BUILT_PRODUCTS_DIR; };
		41C559FF1FEEE38100CB951B /* liblib-SLExternal-macx.a */ = {isa = PBXFileReference; explicitFileType = archive.ar; path = "liblib-SLExternal-macx.a"; sourceTree = BUILT_PRODUCTS_DIR; };
/* End PBXFileReference section */

/* Begin PBXFrameworksBuildPhase section */
		41A062901FED08E3000AC2C1 /* Frameworks */ = {
			isa = PBXFrameworksBuildPhase;
			buildActionMask = 2147483647;
			files = (
				41C559FE1FEEE38100CB951B /* liblib-SLExternal-macx.a in Frameworks */,
				41C55A011FEEE38100CB951B /* liblib-SLProject.a in Frameworks */,
				41030D111FED595B005CFF1A /* OpenGL.framework in Frameworks */,
			);
			runOnlyForDeploymentPostprocessing = 0;
		};
/* End PBXFrameworksBuildPhase section */

/* Begin PBXGroup section */
		41030D091FED5923005CFF1A /* Frameworks */ = {
			isa = PBXGroup;
			children = (
				41C559FF1FEEE38100CB951B /* liblib-SLExternal-macx.a */,
				41030D101FED595B005CFF1A /* OpenGL.framework */,
				41261FE81FEE7DC5008632F6 /* lib-SLProject.xcodeproj */,
			);
			name = Frameworks;
			sourceTree = "<group>";
		};
		41261FE91FEE7DC5008632F6 /* Products */ = {
			isa = PBXGroup;
			children = (
				41261FEE1FEE7DC5008632F6 /* liblib-SLProject.a */,
			);
			name = Products;
			sourceTree = "<group>";
		};
		41A0628A1FED08E3000AC2C1 = {
			isa = PBXGroup;
			children = (
				41030D071FED58EC005CFF1A /* glfwMain.cpp */,
				41030D091FED5923005CFF1A /* Frameworks */,
				41A062941FED08E3000AC2C1 /* Products */,
			);
			sourceTree = "<group>";
		};
		41A062941FED08E3000AC2C1 /* Products */ = {
			isa = PBXGroup;
			children = (
				41A062931FED08E3000AC2C1 /* app-Demo-GLFW */,
			);
			name = Products;
			sourceTree = "<group>";
		};
/* End PBXGroup section */

/* Begin PBXNativeTarget section */
		41A062921FED08E3000AC2C1 /* app-Demo-GLFW */ = {
			isa = PBXNativeTarget;
			buildConfigurationList = 41A0629A1FED08E3000AC2C1 /* Build configuration list for PBXNativeTarget "app-Demo-GLFW" */;
			buildPhases = (
				41A0628F1FED08E3000AC2C1 /* Sources */,
				41A062901FED08E3000AC2C1 /* Frameworks */,
				41A062911FED08E3000AC2C1 /* CopyFiles */,
			);
			buildRules = (
			);
			dependencies = (
			);
			name = "app-Demo-GLFW";
			productName = "app-Demo-GLFW";
			productReference = 41A062931FED08E3000AC2C1 /* app-Demo-GLFW */;
			productType = "com.apple.product-type.tool";
		};
/* End PBXNativeTarget section */

/* Begin PBXProject section */
		41A0628B1FED08E3000AC2C1 /* Project object */ = {
			isa = PBXProject;
			attributes = {
				LastUpgradeCheck = 0920;
				ORGANIZATIONNAME = "Marcus Hudritsch";
				TargetAttributes = {
					41A062921FED08E3000AC2C1 = {
						CreatedOnToolsVersion = 9.2;
						ProvisioningStyle = Automatic;
					};
				};
			};
			buildConfigurationList = 41A0628E1FED08E3000AC2C1 /* Build configuration list for PBXProject "app-Demo-GLFW" */;
			compatibilityVersion = "Xcode 8.0";
			developmentRegion = en;
			hasScannedForEncodings = 0;
			knownRegions = (
				en,
			);
			mainGroup = 41A0628A1FED08E3000AC2C1;
			productRefGroup = 41A062941FED08E3000AC2C1 /* Products */;
			projectDirPath = "";
			projectReferences = (
				{
					ProductGroup = 41261FE91FEE7DC5008632F6 /* Products */;
					ProjectRef = 41261FE81FEE7DC5008632F6 /* lib-SLProject.xcodeproj */;
				},
			);
			projectRoot = "";
			targets = (
				41A062921FED08E3000AC2C1 /* app-Demo-GLFW */,
			);
		};
/* End PBXProject section */

/* Begin PBXReferenceProxy section */
		41261FEE1FEE7DC5008632F6 /* liblib-SLProject.a */ = {
			isa = PBXReferenceProxy;
			fileType = archive.ar;
			path = "liblib-SLProject.a";
			remoteRef = 41261FED1FEE7DC5008632F6 /* PBXContainerItemProxy */;
			sourceTree = BUILT_PRODUCTS_DIR;
		};
/* End PBXReferenceProxy section */

/* Begin PBXSourcesBuildPhase section */
		41A0628F1FED08E3000AC2C1 /* Sources */ = {
			isa = PBXSourcesBuildPhase;
			buildActionMask = 2147483647;
			files = (
				41030D081FED58EC005CFF1A /* glfwMain.cpp in Sources */,
			);
			runOnlyForDeploymentPostprocessing = 0;
		};
/* End PBXSourcesBuildPhase section */

/* Begin XCBuildConfiguration section */
		41A062981FED08E3000AC2C1 /* Debug */ = {
			isa = XCBuildConfiguration;
			buildSettings = {
				ALWAYS_SEARCH_USER_PATHS = NO;
				CLANG_ANALYZER_NONNULL = YES;
				CLANG_ANALYZER_NUMBER_OBJECT_CONVERSION = YES_AGGRESSIVE;
				CLANG_CXX_LANGUAGE_STANDARD = "gnu++14";
				CLANG_CXX_LIBRARY = "libc++";
				CLANG_ENABLE_MODULES = YES;
				CLANG_ENABLE_OBJC_ARC = YES;
				CLANG_WARN_BLOCK_CAPTURE_AUTORELEASING = YES;
				CLANG_WARN_BOOL_CONVERSION = YES;
				CLANG_WARN_COMMA = YES;
				CLANG_WARN_CONSTANT_CONVERSION = YES;
				CLANG_WARN_DIRECT_OBJC_ISA_USAGE = YES_ERROR;
				CLANG_WARN_DOCUMENTATION_COMMENTS = YES;
				CLANG_WARN_EMPTY_BODY = YES;
				CLANG_WARN_ENUM_CONVERSION = YES;
				CLANG_WARN_INFINITE_RECURSION = YES;
				CLANG_WARN_INT_CONVERSION = YES;
				CLANG_WARN_NON_LITERAL_NULL_CONVERSION = YES;
				CLANG_WARN_OBJC_LITERAL_CONVERSION = YES;
				CLANG_WARN_OBJC_ROOT_CLASS = YES_ERROR;
				CLANG_WARN_RANGE_LOOP_ANALYSIS = YES;
				CLANG_WARN_STRICT_PROTOTYPES = YES;
				CLANG_WARN_SUSPICIOUS_MOVE = YES;
				CLANG_WARN_UNGUARDED_AVAILABILITY = YES_AGGRESSIVE;
				CLANG_WARN_UNREACHABLE_CODE = YES;
				CLANG_WARN__DUPLICATE_METHOD_MATCH = YES;
				CODE_SIGN_IDENTITY = "-";
				COPY_PHASE_STRIP = NO;
				DEBUG_INFORMATION_FORMAT = dwarf;
				ENABLE_STRICT_OBJC_MSGSEND = YES;
				ENABLE_TESTABILITY = YES;
				GCC_C_LANGUAGE_STANDARD = gnu11;
				GCC_DYNAMIC_NO_PIC = NO;
				GCC_NO_COMMON_BLOCKS = YES;
				GCC_OPTIMIZATION_LEVEL = 0;
				GCC_PREPROCESSOR_DEFINITIONS = (
					"DEBUG=1",
					"$(inherited)",
				);
				GCC_WARN_64_TO_32_BIT_CONVERSION = YES;
				GCC_WARN_ABOUT_RETURN_TYPE = YES_ERROR;
				GCC_WARN_UNDECLARED_SELECTOR = YES;
				GCC_WARN_UNINITIALIZED_AUTOS = YES_AGGRESSIVE;
				GCC_WARN_UNUSED_FUNCTION = YES;
				GCC_WARN_UNUSED_VARIABLE = YES;
				MACOSX_DEPLOYMENT_TARGET = 10.13;
				MTL_ENABLE_DEBUG_INFO = YES;
				ONLY_ACTIVE_ARCH = YES;
				SDKROOT = macosx;
			};
			name = Debug;
		};
		41A062991FED08E3000AC2C1 /* Release */ = {
			isa = XCBuildConfiguration;
			buildSettings = {
				ALWAYS_SEARCH_USER_PATHS = NO;
				CLANG_ANALYZER_NONNULL = YES;
				CLANG_ANALYZER_NUMBER_OBJECT_CONVERSION = YES_AGGRESSIVE;
				CLANG_CXX_LANGUAGE_STANDARD = "gnu++14";
				CLANG_CXX_LIBRARY = "libc++";
				CLANG_ENABLE_MODULES = YES;
				CLANG_ENABLE_OBJC_ARC = YES;
				CLANG_WARN_BLOCK_CAPTURE_AUTORELEASING = YES;
				CLANG_WARN_BOOL_CONVERSION = YES;
				CLANG_WARN_COMMA = YES;
				CLANG_WARN_CONSTANT_CONVERSION = YES;
				CLANG_WARN_DIRECT_OBJC_ISA_USAGE = YES_ERROR;
				CLANG_WARN_DOCUMENTATION_COMMENTS = YES;
				CLANG_WARN_EMPTY_BODY = YES;
				CLANG_WARN_ENUM_CONVERSION = YES;
				CLANG_WARN_INFINITE_RECURSION = YES;
				CLANG_WARN_INT_CONVERSION = YES;
				CLANG_WARN_NON_LITERAL_NULL_CONVERSION = YES;
				CLANG_WARN_OBJC_LITERAL_CONVERSION = YES;
				CLANG_WARN_OBJC_ROOT_CLASS = YES_ERROR;
				CLANG_WARN_RANGE_LOOP_ANALYSIS = YES;
				CLANG_WARN_STRICT_PROTOTYPES = YES;
				CLANG_WARN_SUSPICIOUS_MOVE = YES;
				CLANG_WARN_UNGUARDED_AVAILABILITY = YES_AGGRESSIVE;
				CLANG_WARN_UNREACHABLE_CODE = YES;
				CLANG_WARN__DUPLICATE_METHOD_MATCH = YES;
				CODE_SIGN_IDENTITY = "-";
				COPY_PHASE_STRIP = NO;
				DEBUG_INFORMATION_FORMAT = "dwarf-with-dsym";
				ENABLE_NS_ASSERTIONS = NO;
				ENABLE_STRICT_OBJC_MSGSEND = YES;
				GCC_C_LANGUAGE_STANDARD = gnu11;
				GCC_NO_COMMON_BLOCKS = YES;
				GCC_WARN_64_TO_32_BIT_CONVERSION = YES;
				GCC_WARN_ABOUT_RETURN_TYPE = YES_ERROR;
				GCC_WARN_UNDECLARED_SELECTOR = YES;
				GCC_WARN_UNINITIALIZED_AUTOS = YES_AGGRESSIVE;
				GCC_WARN_UNUSED_FUNCTION = YES;
				GCC_WARN_UNUSED_VARIABLE = YES;
				MACOSX_DEPLOYMENT_TARGET = 10.13;
				MTL_ENABLE_DEBUG_INFO = NO;
				SDKROOT = macosx;
			};
			name = Release;
		};
		41A0629B1FED08E3000AC2C1 /* Debug */ = {
			isa = XCBuildConfiguration;
			buildSettings = {
				CODE_SIGN_STYLE = Automatic;
				CONFIGURATION_BUILD_DIR = "../_bin-$(CONFIGURATION)-macos";
				CONFIGURATION_TEMP_DIR = "../intermediate/app-Demo-GLFW/macxcode/$(CONFIGURATION)";
				GCC_PREPROCESSOR_DEFINITIONS = "SL_STARTSCENE=C_sceneMinimal";
				HEADER_SEARCH_PATHS = (
					"../include/**",
					"../lib-SLExternal/**",
				);
				INSTALL_PATH = "../_bin-Debug-macos";
				PRODUCT_NAME = "$(TARGET_NAME)";
				SYMROOT = "../_bin-$(CONFIGURATION)-macxcode";
			};
			name = Debug;
		};
		41A0629C1FED08E3000AC2C1 /* Release */ = {
			isa = XCBuildConfiguration;
			buildSettings = {
				CODE_SIGN_STYLE = Automatic;
				CONFIGURATION_BUILD_DIR = "../_bin-$(CONFIGURATION)-macos";
				CONFIGURATION_TEMP_DIR = "../intermediate/app-Demo-GLFW/macxcode/$(CONFIGURATION)";
				GCC_PREPROCESSOR_DEFINITIONS = "SL_STARTSCENE=C_sceneMinimal";
				HEADER_SEARCH_PATHS = (
					"../include/**",
					"../lib-SLExternal/**",
				);
				INSTALL_PATH = "../_bin-Release-macos";
				PRODUCT_NAME = "$(TARGET_NAME)";
				SYMROOT = "../_bin-$(CONFIGURATION)-macxcode";
			};
			name = Release;
		};
/* End XCBuildConfiguration section */

/* Begin XCConfigurationList section */
		41A0628E1FED08E3000AC2C1 /* Build configuration list for PBXProject "app-Demo-GLFW" */ = {
			isa = XCConfigurationList;
			buildConfigurations = (
				41A062981FED08E3000AC2C1 /* Debug */,
				41A062991FED08E3000AC2C1 /* Release */,
			);
			defaultConfigurationIsVisible = 0;
			defaultConfigurationName = Release;
		};
		41A0629A1FED08E3000AC2C1 /* Build configuration list for PBXNativeTarget "app-Demo-GLFW" */ = {
			isa = XCConfigurationList;
			buildConfigurations = (
				41A0629B1FED08E3000AC2C1 /* Debug */,
				41A0629C1FED08E3000AC2C1 /* Release */,
			);
			defaultConfigurationIsVisible = 0;
			defaultConfigurationName = Release;
		};
/* End XCConfigurationList section */
	};
	rootObject = 41A0628B1FED08E3000AC2C1 /* Project object */;
}
