
Microsoft Visual Studio Solution File, Format Version 12.00
# Visual Studio 2013
VisualStudioVersion = 12.0.21005.1
MinimumVisualStudioVersion = 10.0.40219.1
Project("{8BC9CEB8-8B4A-11D0-8D11-00A0C91BC942}") = "lib-SLExternal", "lib-SLExternal\lib-SLExternal.vcxproj", "{CCC645D3-B20F-431C-824A-7895D6E404DF}"
EndProject
Project("{8BC9CEB8-8B4A-11D0-8D11-00A0C91BC942}") = "lib-SLProject", "lib-SLProject\lib-SLProject.vcxproj", "{54BE2CB2-A4F9-481D-9C74-FAAE4CD0764D}"
	ProjectSection(ProjectDependencies) = postProject
		{EA50E705-5113-49E5-B105-2512EDC8DDC6} = {EA50E705-5113-49E5-B105-2512EDC8DDC6}
		{04550C7E-5276-491F-8BEF-12216F80E73F} = {04550C7E-5276-491F-8BEF-12216F80E73F}
	EndProjectSection
EndProject
Project("{8BC9CEB8-8B4A-11D0-8D11-00A0C91BC942}") = "app-Demo-GLFW", "app-Demo-GLFW\app-Demo-GLFW.vcxproj", "{54BE2CB2-A4BB-481D-9C74-FE8E4CD0764D}"
	ProjectSection(ProjectDependencies) = postProject
		{EA50E705-5113-49E5-B105-2512EDC8DDC6} = {EA50E705-5113-49E5-B105-2512EDC8DDC6}
		{04550C7E-5276-491F-8BEF-12216F80E73F} = {04550C7E-5276-491F-8BEF-12216F80E73F}
		{54BE2CB2-A4F9-481D-9C74-FAAE4CD0764D} = {54BE2CB2-A4F9-481D-9C74-FAAE4CD0764D}
		{CCC645D3-B20F-431C-824A-7895D6E404DF} = {CCC645D3-B20F-431C-824A-7895D6E404DF}
	EndProjectSection
EndProject
Project("{8BC9CEB8-8B4A-11D0-8D11-00A0C91BC942}") = "app-Demo-Android", "app-Demo-Android\app-Demo-Android.vcxproj", "{158CCAFB-7A8D-4555-91DF-99284FADABEB}"
	ProjectSection(ProjectDependencies) = postProject
		{54BE2CB2-A4F9-481D-9C74-FAAE4CD0764D} = {54BE2CB2-A4F9-481D-9C74-FAAE4CD0764D}
		{CCC645D3-B20F-431C-824A-7895D6E405DF} = {CCC645D3-B20F-431C-824A-7895D6E405DF}
	EndProjectSection
EndProject
Project("{8BC9CEB8-8B4A-11D0-8D11-00A0C91BC942}") = "app-NodeManipulationDemo", "app-NodeManipulationDemo\app-NodeManipulationDemo.vcxproj", "{DD67BAF6-BF3D-4A45-A411-C1464F63E9C5}"
	ProjectSection(ProjectDependencies) = postProject
		{EA50E705-5113-49E5-B105-2512EDC8DDC6} = {EA50E705-5113-49E5-B105-2512EDC8DDC6}
		{04550C7E-5276-491F-8BEF-12216F80E73F} = {04550C7E-5276-491F-8BEF-12216F80E73F}
		{54BE2CB2-A4F9-481D-9C74-FAAE4CD0764D} = {54BE2CB2-A4F9-481D-9C74-FAAE4CD0764D}
		{CCC645D3-B20F-431C-824A-7895D6E404DF} = {CCC645D3-B20F-431C-824A-7895D6E404DF}
	EndProjectSection
EndProject
Project("{8BC9CEB8-8B4A-11D0-8D11-00A0C91BC942}") = "lib-SLExternal-Android", "lib-SLExternal\lib-SLExternal-Android.vcxproj", "{CCC645D3-B20F-431C-824A-7895D6E405DF}"
EndProject
Project("{FAE04EC0-301F-11D3-BF4B-00C04F79EFBC}") = "ch04_HelloCube_Net", "ch04_HelloCube_Net\ch04_HelloCube_Net.csproj", "{280585A5-504D-416E-9D6D-7245EA78DB41}"
EndProject
Project("{8BC9CEB8-8B4A-11D0-8D11-00A0C91BC942}") = "ch09_TextureMapping", "ch09_TextureMapping\ch09_TextureMapping.vcxproj", "{0D63243A-A87C-48F6-8822-6DE3B67E2F2A}"
	ProjectSection(ProjectDependencies) = postProject
		{EA50E705-5113-49E5-B105-2512EDC8DDC6} = {EA50E705-5113-49E5-B105-2512EDC8DDC6}
		{04550C7E-5276-491F-8BEF-12216F80E73F} = {04550C7E-5276-491F-8BEF-12216F80E73F}
		{54BE2CB2-A4F9-481D-9C74-FAAE4CD0764D} = {54BE2CB2-A4F9-481D-9C74-FAAE4CD0764D}
		{CCC645D3-B20F-431C-824A-7895D6E404DF} = {CCC645D3-B20F-431C-824A-7895D6E404DF}
	EndProjectSection
EndProject
Project("{FAE04EC0-301F-11D3-BF4B-00C04F79EFBC}") = "ch09_TextureMapping_Net", "ch09_TextureMapping_Net\ch09_TextureMapping_Net.csproj", "{E9A4D0F3-3B11-4912-A951-9F3307E3D66B}"
EndProject
Project("{2150E333-8FDC-42A3-9474-1A3956D46DE8}") = "External", "External", "{F2AA3EF1-910F-49BE-A875-4BBE6C6723B5}"
EndProject
Project("{8BC9CEB8-8B4A-11D0-8D11-00A0C91BC942}") = "lib-assimp", "lib-SLExternal\assimp\lib-Assimp.vcxproj", "{04550C7E-5276-491F-8BEF-12216F80E73F}"
EndProject
Project("{8BC9CEB8-8B4A-11D0-8D11-00A0C91BC942}") = "lib-ovr", "lib-SLExternal\oculus\LibOVR\Projects\Win32\VS2013\LibOVR.vcxproj", "{EA50E705-5113-49E5-B105-2512EDC8DDC6}"
EndProject
Project("{8BC9CEB8-8B4A-11D0-8D11-00A0C91BC942}") = "app-VolumeRendering", "app-VolumeRendering\app-VolumeRendering.vcxproj", "{AD06379D-1767-41AA-A877-33857D32D7A0}"
EndProject
Global
	GlobalSection(SolutionConfigurationPlatforms) = preSolution
		Debug|Android = Debug|Android
		Debug|x64 = Debug|x64
		Debug|x86 = Debug|x86
		Release|Android = Release|Android
		Release|x64 = Release|x64
		Release|x86 = Release|x86
	EndGlobalSection
	GlobalSection(ProjectConfigurationPlatforms) = postSolution
		{CCC645D3-B20F-431C-824A-7895D6E404DF}.Debug|Android.ActiveCfg = Debug|Android
		{CCC645D3-B20F-431C-824A-7895D6E404DF}.Debug|Android.Build.0 = Debug|Android
		{CCC645D3-B20F-431C-824A-7895D6E404DF}.Debug|x64.ActiveCfg = Debug|x64
		{CCC645D3-B20F-431C-824A-7895D6E404DF}.Debug|x64.Build.0 = Debug|x64
		{CCC645D3-B20F-431C-824A-7895D6E404DF}.Debug|x86.ActiveCfg = Debug|Win32
		{CCC645D3-B20F-431C-824A-7895D6E404DF}.Debug|x86.Build.0 = Debug|Win32
		{CCC645D3-B20F-431C-824A-7895D6E404DF}.Release|Android.ActiveCfg = Release|Win32
		{CCC645D3-B20F-431C-824A-7895D6E404DF}.Release|x64.ActiveCfg = Release|x64
		{CCC645D3-B20F-431C-824A-7895D6E404DF}.Release|x64.Build.0 = Release|x64
		{CCC645D3-B20F-431C-824A-7895D6E404DF}.Release|x86.ActiveCfg = Release|Win32
		{CCC645D3-B20F-431C-824A-7895D6E404DF}.Release|x86.Build.0 = Release|Win32
		{54BE2CB2-A4F9-481D-9C74-FAAE4CD0764D}.Debug|Android.ActiveCfg = Debug|Android
		{54BE2CB2-A4F9-481D-9C74-FAAE4CD0764D}.Debug|Android.Build.0 = Debug|Android
		{54BE2CB2-A4F9-481D-9C74-FAAE4CD0764D}.Debug|x64.ActiveCfg = Debug|x64
		{54BE2CB2-A4F9-481D-9C74-FAAE4CD0764D}.Debug|x64.Build.0 = Debug|x64
		{54BE2CB2-A4F9-481D-9C74-FAAE4CD0764D}.Debug|x86.ActiveCfg = Debug|Win32
		{54BE2CB2-A4F9-481D-9C74-FAAE4CD0764D}.Debug|x86.Build.0 = Debug|Win32
		{54BE2CB2-A4F9-481D-9C74-FAAE4CD0764D}.Release|Android.ActiveCfg = Release|Win32
		{54BE2CB2-A4F9-481D-9C74-FAAE4CD0764D}.Release|x64.ActiveCfg = Release|x64
		{54BE2CB2-A4F9-481D-9C74-FAAE4CD0764D}.Release|x64.Build.0 = Release|x64
		{54BE2CB2-A4F9-481D-9C74-FAAE4CD0764D}.Release|x86.ActiveCfg = Release|Win32
		{54BE2CB2-A4F9-481D-9C74-FAAE4CD0764D}.Release|x86.Build.0 = Release|Win32
		{54BE2CB2-A4BB-481D-9C74-FE8E4CD0764D}.Debug|Android.ActiveCfg = Debug|Win32
		{54BE2CB2-A4BB-481D-9C74-FE8E4CD0764D}.Debug|x64.ActiveCfg = Debug|x64
		{54BE2CB2-A4BB-481D-9C74-FE8E4CD0764D}.Debug|x64.Build.0 = Debug|x64
		{54BE2CB2-A4BB-481D-9C74-FE8E4CD0764D}.Debug|x86.ActiveCfg = Debug|Win32
		{54BE2CB2-A4BB-481D-9C74-FE8E4CD0764D}.Debug|x86.Build.0 = Debug|Win32
		{54BE2CB2-A4BB-481D-9C74-FE8E4CD0764D}.Release|Android.ActiveCfg = Release|Win32
		{54BE2CB2-A4BB-481D-9C74-FE8E4CD0764D}.Release|x64.ActiveCfg = Release|x64
		{54BE2CB2-A4BB-481D-9C74-FE8E4CD0764D}.Release|x64.Build.0 = Release|x64
		{54BE2CB2-A4BB-481D-9C74-FE8E4CD0764D}.Release|x86.ActiveCfg = Release|Win32
		{54BE2CB2-A4BB-481D-9C74-FE8E4CD0764D}.Release|x86.Build.0 = Release|Win32
		{158CCAFB-7A8D-4555-91DF-99284FADABEB}.Debug|Android.ActiveCfg = Debug|Android
		{158CCAFB-7A8D-4555-91DF-99284FADABEB}.Debug|Android.Build.0 = Debug|Android
		{158CCAFB-7A8D-4555-91DF-99284FADABEB}.Debug|Android.Deploy.0 = Debug|Android
		{158CCAFB-7A8D-4555-91DF-99284FADABEB}.Debug|x64.ActiveCfg = Debug|Android
		{158CCAFB-7A8D-4555-91DF-99284FADABEB}.Debug|x86.ActiveCfg = Debug|Android
		{158CCAFB-7A8D-4555-91DF-99284FADABEB}.Release|Android.ActiveCfg = Release|Android
		{158CCAFB-7A8D-4555-91DF-99284FADABEB}.Release|Android.Build.0 = Release|Android
		{158CCAFB-7A8D-4555-91DF-99284FADABEB}.Release|Android.Deploy.0 = Release|Android
		{158CCAFB-7A8D-4555-91DF-99284FADABEB}.Release|x64.ActiveCfg = Release|Android
		{158CCAFB-7A8D-4555-91DF-99284FADABEB}.Release|x86.ActiveCfg = Release|Android
		{DD67BAF6-BF3D-4A45-A411-C1464F63E9C5}.Debug|Android.ActiveCfg = Debug|Win32
		{DD67BAF6-BF3D-4A45-A411-C1464F63E9C5}.Debug|x64.ActiveCfg = Debug|x64
		{DD67BAF6-BF3D-4A45-A411-C1464F63E9C5}.Debug|x64.Build.0 = Debug|x64
		{DD67BAF6-BF3D-4A45-A411-C1464F63E9C5}.Debug|x86.ActiveCfg = Debug|Win32
		{DD67BAF6-BF3D-4A45-A411-C1464F63E9C5}.Debug|x86.Build.0 = Debug|Win32
		{DD67BAF6-BF3D-4A45-A411-C1464F63E9C5}.Release|Android.ActiveCfg = Release|Win32
		{DD67BAF6-BF3D-4A45-A411-C1464F63E9C5}.Release|x64.ActiveCfg = Release|x64
		{DD67BAF6-BF3D-4A45-A411-C1464F63E9C5}.Release|x64.Build.0 = Release|x64
		{DD67BAF6-BF3D-4A45-A411-C1464F63E9C5}.Release|x86.ActiveCfg = Release|Win32
		{DD67BAF6-BF3D-4A45-A411-C1464F63E9C5}.Release|x86.Build.0 = Release|Win32
		{CCC645D3-B20F-431C-824A-7895D6E405DF}.Debug|Android.ActiveCfg = Debug|Android
		{CCC645D3-B20F-431C-824A-7895D6E405DF}.Debug|Android.Build.0 = Debug|Android
		{CCC645D3-B20F-431C-824A-7895D6E405DF}.Debug|x64.ActiveCfg = Debug|x64
		{CCC645D3-B20F-431C-824A-7895D6E405DF}.Debug|x64.Build.0 = Debug|x64
		{CCC645D3-B20F-431C-824A-7895D6E405DF}.Debug|x86.ActiveCfg = Debug|Win32
		{CCC645D3-B20F-431C-824A-7895D6E405DF}.Debug|x86.Build.0 = Debug|Win32
		{CCC645D3-B20F-431C-824A-7895D6E405DF}.Release|Android.ActiveCfg = Release|Android
		{CCC645D3-B20F-431C-824A-7895D6E405DF}.Release|Android.Build.0 = Release|Android
		{CCC645D3-B20F-431C-824A-7895D6E405DF}.Release|Android.Deploy.0 = Release|Android
		{CCC645D3-B20F-431C-824A-7895D6E405DF}.Release|x64.ActiveCfg = Release|x64
		{CCC645D3-B20F-431C-824A-7895D6E405DF}.Release|x64.Build.0 = Release|x64
		{CCC645D3-B20F-431C-824A-7895D6E405DF}.Release|x86.ActiveCfg = Release|Win32
		{CCC645D3-B20F-431C-824A-7895D6E405DF}.Release|x86.Build.0 = Release|Win32
		{280585A5-504D-416E-9D6D-7245EA78DB41}.Debug|Android.ActiveCfg = Debug|x86
		{280585A5-504D-416E-9D6D-7245EA78DB41}.Debug|x64.ActiveCfg = Debug|x64
		{280585A5-504D-416E-9D6D-7245EA78DB41}.Debug|x64.Build.0 = Debug|x64
		{280585A5-504D-416E-9D6D-7245EA78DB41}.Debug|x86.ActiveCfg = Debug|x86
		{280585A5-504D-416E-9D6D-7245EA78DB41}.Debug|x86.Build.0 = Debug|x86
		{280585A5-504D-416E-9D6D-7245EA78DB41}.Release|Android.ActiveCfg = Release|x86
		{280585A5-504D-416E-9D6D-7245EA78DB41}.Release|x64.ActiveCfg = Release|x64
		{280585A5-504D-416E-9D6D-7245EA78DB41}.Release|x64.Build.0 = Release|x64
		{280585A5-504D-416E-9D6D-7245EA78DB41}.Release|x86.ActiveCfg = Release|x86
		{280585A5-504D-416E-9D6D-7245EA78DB41}.Release|x86.Build.0 = Release|x86
		{0D63243A-A87C-48F6-8822-6DE3B67E2F2A}.Debug|Android.ActiveCfg = Debug|Win32
		{0D63243A-A87C-48F6-8822-6DE3B67E2F2A}.Debug|x64.ActiveCfg = Debug|x64
		{0D63243A-A87C-48F6-8822-6DE3B67E2F2A}.Debug|x64.Build.0 = Debug|x64
		{0D63243A-A87C-48F6-8822-6DE3B67E2F2A}.Debug|x86.ActiveCfg = Debug|Win32
		{0D63243A-A87C-48F6-8822-6DE3B67E2F2A}.Debug|x86.Build.0 = Debug|Win32
		{0D63243A-A87C-48F6-8822-6DE3B67E2F2A}.Release|Android.ActiveCfg = Release|Win32
		{0D63243A-A87C-48F6-8822-6DE3B67E2F2A}.Release|x64.ActiveCfg = Release|x64
		{0D63243A-A87C-48F6-8822-6DE3B67E2F2A}.Release|x64.Build.0 = Release|x64
		{0D63243A-A87C-48F6-8822-6DE3B67E2F2A}.Release|x86.ActiveCfg = Release|Win32
		{0D63243A-A87C-48F6-8822-6DE3B67E2F2A}.Release|x86.Build.0 = Release|Win32
		{E9A4D0F3-3B11-4912-A951-9F3307E3D66B}.Debug|Android.ActiveCfg = Debug|x86
		{E9A4D0F3-3B11-4912-A951-9F3307E3D66B}.Debug|x64.ActiveCfg = Debug|x64
		{E9A4D0F3-3B11-4912-A951-9F3307E3D66B}.Debug|x64.Build.0 = Debug|x64
		{E9A4D0F3-3B11-4912-A951-9F3307E3D66B}.Debug|x86.ActiveCfg = Debug|x86
		{E9A4D0F3-3B11-4912-A951-9F3307E3D66B}.Debug|x86.Build.0 = Debug|x86
		{E9A4D0F3-3B11-4912-A951-9F3307E3D66B}.Release|Android.ActiveCfg = Release|x86
		{E9A4D0F3-3B11-4912-A951-9F3307E3D66B}.Release|x64.ActiveCfg = Release|x64
		{E9A4D0F3-3B11-4912-A951-9F3307E3D66B}.Release|x64.Build.0 = Release|x64
		{E9A4D0F3-3B11-4912-A951-9F3307E3D66B}.Release|x86.ActiveCfg = Release|x86
		{E9A4D0F3-3B11-4912-A951-9F3307E3D66B}.Release|x86.Build.0 = Release|x86
		{04550C7E-5276-491F-8BEF-12216F80E73F}.Debug|Android.ActiveCfg = Debug|Win32
		{04550C7E-5276-491F-8BEF-12216F80E73F}.Debug|x64.ActiveCfg = Debug|x64
		{04550C7E-5276-491F-8BEF-12216F80E73F}.Debug|x64.Build.0 = Debug|x64
		{04550C7E-5276-491F-8BEF-12216F80E73F}.Debug|x86.ActiveCfg = Debug|Win32
		{04550C7E-5276-491F-8BEF-12216F80E73F}.Debug|x86.Build.0 = Debug|Win32
		{04550C7E-5276-491F-8BEF-12216F80E73F}.Release|Android.ActiveCfg = Release|Win32
		{04550C7E-5276-491F-8BEF-12216F80E73F}.Release|x64.ActiveCfg = Release|x64
		{04550C7E-5276-491F-8BEF-12216F80E73F}.Release|x64.Build.0 = Release|x64
		{04550C7E-5276-491F-8BEF-12216F80E73F}.Release|x86.ActiveCfg = Release|Win32
		{04550C7E-5276-491F-8BEF-12216F80E73F}.Release|x86.Build.0 = Release|Win32
		{EA50E705-5113-49E5-B105-2512EDC8DDC6}.Debug|Android.ActiveCfg = Debug|Win32
		{EA50E705-5113-49E5-B105-2512EDC8DDC6}.Debug|x64.ActiveCfg = Debug|x64
		{EA50E705-5113-49E5-B105-2512EDC8DDC6}.Debug|x64.Build.0 = Debug|x64
		{EA50E705-5113-49E5-B105-2512EDC8DDC6}.Debug|x86.ActiveCfg = Debug|Win32
		{EA50E705-5113-49E5-B105-2512EDC8DDC6}.Debug|x86.Build.0 = Debug|Win32
		{EA50E705-5113-49E5-B105-2512EDC8DDC6}.Release|Android.ActiveCfg = Release|Win32
		{EA50E705-5113-49E5-B105-2512EDC8DDC6}.Release|x64.ActiveCfg = Release|x64
		{EA50E705-5113-49E5-B105-2512EDC8DDC6}.Release|x64.Build.0 = Release|x64
		{EA50E705-5113-49E5-B105-2512EDC8DDC6}.Release|x86.ActiveCfg = Release|Win32
		{EA50E705-5113-49E5-B105-2512EDC8DDC6}.Release|x86.Build.0 = Release|Win32
		{AD06379D-1767-41AA-A877-33857D32D7A0}.Debug|Android.ActiveCfg = Debug|Win32
		{AD06379D-1767-41AA-A877-33857D32D7A0}.Debug|x64.ActiveCfg = Debug|x64
		{AD06379D-1767-41AA-A877-33857D32D7A0}.Debug|x64.Build.0 = Debug|x64
		{AD06379D-1767-41AA-A877-33857D32D7A0}.Debug|x86.ActiveCfg = Debug|Win32
		{AD06379D-1767-41AA-A877-33857D32D7A0}.Debug|x86.Build.0 = Debug|Win32
		{AD06379D-1767-41AA-A877-33857D32D7A0}.Release|Android.ActiveCfg = Release|Win32
		{AD06379D-1767-41AA-A877-33857D32D7A0}.Release|x64.ActiveCfg = Release|x64
		{AD06379D-1767-41AA-A877-33857D32D7A0}.Release|x64.Build.0 = Release|x64
		{AD06379D-1767-41AA-A877-33857D32D7A0}.Release|x86.ActiveCfg = Release|Win32
		{AD06379D-1767-41AA-A877-33857D32D7A0}.Release|x86.Build.0 = Release|Win32
	EndGlobalSection
	GlobalSection(SolutionProperties) = preSolution
		HideSolutionNode = FALSE
	EndGlobalSection
	GlobalSection(NestedProjects) = preSolution
		{CCC645D3-B20F-431C-824A-7895D6E405DF} = {F2AA3EF1-910F-49BE-A875-4BBE6C6723B5}
		{CCC645D3-B20F-431C-824A-7895D6E404DF} = {F2AA3EF1-910F-49BE-A875-4BBE6C6723B5}
		{04550C7E-5276-491F-8BEF-12216F80E73F} = {F2AA3EF1-910F-49BE-A875-4BBE6C6723B5}
		{EA50E705-5113-49E5-B105-2512EDC8DDC6} = {F2AA3EF1-910F-49BE-A875-4BBE6C6723B5}
	EndGlobalSection
EndGlobal
