
Microsoft Visual Studio Solution File, Format Version 12.00
# Visual Studio 15
VisualStudioVersion = 15.0.28010.2046
MinimumVisualStudioVersion = 10.0.40219.1
Project("{FAE04EC0-301F-11D3-BF4B-00C04F79EFBC}") = "ch03_Bresenham_Net", "ch03_Bresenham_Net.csproj", "{F641416D-7599-4A83-987B-D3045D04A9B5}"
EndProject
Global
	GlobalSection(SolutionConfigurationPlatforms) = preSolution
		Debug|Any CPU = Debug|Any CPU
		Debug|x86 = Debug|x86
		Release|Any CPU = Release|Any CPU
		Release|x86 = Release|x86
	EndGlobalSection
	GlobalSection(ProjectConfigurationPlatforms) = postSolution
		{F641416D-7599-4A83-987B-D3045D04A9B5}.Debug|Any CPU.ActiveCfg = Debug|Any CPU
		{F641416D-7599-4A83-987B-D3045D04A9B5}.Debug|Any CPU.Build.0 = Debug|Any CPU
		{F641416D-7599-4A83-987B-D3045D04A9B5}.Debug|x86.ActiveCfg = Debug|x86
		{F641416D-7599-4A83-987B-D3045D04A9B5}.Debug|x86.Build.0 = Debug|x86
		{F641416D-7599-4A83-987B-D3045D04A9B5}.Release|Any CPU.ActiveCfg = Release|Any CPU
		{F641416D-7599-4A83-987B-D3045D04A9B5}.Release|Any CPU.Build.0 = Release|Any CPU
		{F641416D-7599-4A83-987B-D3045D04A9B5}.Release|x86.ActiveCfg = Release|x86
		{F641416D-7599-4A83-987B-D3045D04A9B5}.Release|x86.Build.0 = Release|x86
	EndGlobalSection
	GlobalSection(SolutionProperties) = preSolution
		HideSolutionNode = FALSE
	EndGlobalSection
	GlobalSection(ExtensibilityGlobals) = postSolution
		SolutionGuid = {5B799B87-F797-4002-9A6A-1890574A031A}
	EndGlobalSection
EndGlobal
