<?xml version="1.0" encoding="utf-8"?>
<Project ToolsVersion="4.0" xmlns="http://schemas.microsoft.com/developer/msbuild/2003">
  <ItemGroup>
    <ClCompile Include="VolumeRendering.cpp" />
    <ClCompile Include="..\lib-SLProject\source\SL\SL.cpp">
      <Filter>lib-SLProject</Filter>
    </ClCompile>
    <ClCompile Include="..\lib-SLProject\source\SL\SLImage.cpp">
      <Filter>lib-SLProject</Filter>
    </ClCompile>
    <ClCompile Include="..\lib-SLProject\source\SL\stdafx.cpp">
      <Filter>lib-SLProject</Filter>
    </ClCompile>
    <ClCompile Include="..\lib-SLProject\source\glUtils.cpp">
      <Filter>lib-SLProject</Filter>
    </ClCompile>
  </ItemGroup>
  <ItemGroup>
    <ClInclude Include="..\include\SL.h">
      <Filter>includes</Filter>
    </ClInclude>
    <ClInclude Include="..\include\SLImage.h">
      <Filter>includes</Filter>
    </ClInclude>
    <ClInclude Include="..\include\SLMat4.h">
      <Filter>includes</Filter>
    </ClInclude>
    <ClInclude Include="..\include\SLVec3.h">
      <Filter>includes</Filter>
    </ClInclude>
    <ClInclude Include="..\include\stdafx.h">
      <Filter>includes</Filter>
    </ClInclude>
    <ClInclude Include="..\include\SLMat3.h">
      <Filter>lib-SLProject</Filter>
    </ClInclude>
    <ClInclude Include="..\include\glUtils.h">
      <Filter>includes</Filter>
    </ClInclude>
  </ItemGroup>
  <ItemGroup>
    <Filter Include="GLSL">
      <UniqueIdentifier>{004edf2b-fd3f-4d7b-8a5d-4d798f9cd09b}</UniqueIdentifier>
    </Filter>
    <Filter Include="includes">
      <UniqueIdentifier>{3c82661a-5dcb-4a93-80ec-e23f99bcb9a8}</UniqueIdentifier>
    </Filter>
    <Filter Include="lib-SLProject">
      <UniqueIdentifier>{8a9134f8-b1f1-4f23-8b5b-fb70fc57b897}</UniqueIdentifier>
    </Filter>
  </ItemGroup>
  <ItemGroup>
    <None Include="VolumeRenderingRayCast.vert">
      <Filter>GLSL</Filter>
    </None>
    <None Include="VolumeRenderingSampling_MIP.frag">
      <Filter>GLSL</Filter>
    </None>
    <None Include="VolumeRenderingSampling_TF.frag">
      <Filter>GLSL</Filter>
    </None>
    <None Include="VolumeRenderingSiddon_MIP.frag">
      <Filter>GLSL</Filter>
    </None>
    <None Include="VolumeRenderingSiddon_TF.frag">
      <Filter>GLSL</Filter>
    </None>
    <None Include="VolumeRenderingSlicing.frag">
      <Filter>GLSL</Filter>
    </None>
    <None Include="VolumeRenderingSlicing.vert">
      <Filter>GLSL</Filter>
    </None>
  </ItemGroup>
</Project>