<?xml version="1.0" encoding="utf-8"?>
<Project ToolsVersion="4.0" xmlns="http://schemas.microsoft.com/developer/msbuild/2003">
  <ItemGroup>
    <ClCompile Include="..\..\lib-SLProject\source\glUtils.cpp">
      <Filter>lib-SLProject</Filter>
    </ClCompile>
    <ClCompile Include="..\..\lib-SLProject\source\SL\SL.cpp">
      <Filter>lib-SLProject</Filter>
    </ClCompile>
    <ClCompile Include="..\..\lib-SLProject\source\SL\stdafx.cpp">
      <Filter>lib-SLProject</Filter>
    </ClCompile>
    <ClCompile Include="..\..\lib-SLProject\source\SL\SLImage.cpp">
      <Filter>lib-SLProject</Filter>
    </ClCompile>
    <ClCompile Include="ColorCube.cpp" />
  </ItemGroup>
  <ItemGroup>
    <ClInclude Include="..\..\include\SLVec3.h">
      <Filter>include</Filter>
    </ClInclude>
    <ClInclude Include="..\..\include\SL.h">
      <Filter>include</Filter>
    </ClInclude>
    <ClInclude Include="..\..\include\SLImage.h">
      <Filter>include</Filter>
    </ClInclude>
    <ClInclude Include="..\..\include\SLMat3.h">
      <Filter>include</Filter>
    </ClInclude>
    <ClInclude Include="..\..\include\SLMat4.h">
      <Filter>include</Filter>
    </ClInclude>
    <ClInclude Include="..\..\include\glUtils.h">
      <Filter>include</Filter>
    </ClInclude>
    <ClInclude Include="..\..\include\stdafx.h">
      <Filter>include</Filter>
    </ClInclude>
  </ItemGroup>
  <ItemGroup>
    <None Include="..\..\_data\shaders\Color.frag" />
    <None Include="..\..\_data\shaders\ColorAttribute.vert" />
  </ItemGroup>
  <ItemGroup>
    <Filter Include="include">
      <UniqueIdentifier>{bc95d668-1d20-4ccf-b54a-0276233606d7}</UniqueIdentifier>
    </Filter>
    <Filter Include="lib-SLProject">
      <UniqueIdentifier>{a815d735-4dfe-41b3-8e14-458ddfec5a0d}</UniqueIdentifier>
    </Filter>
  </ItemGroup>
</Project>